{
  "version": "3",
  "remote": {
    "https://esm.sh/preact-render-to-string@6.3.1": "0271e7b46cc287b7402e0ff3f6cb7acc2d705c88507c40ebb6492b4b6994a7eb",
    "https://esm.sh/preact@10.19.2": "41f31ba8eecf666f08289f2205f57c45f74baba5be815a55c15c4cc61086143c",
    "https://esm.sh/preact@10.19.2/jsx-runtime": "2a4111d9aa667a3e3776ffd9082d00d63f6960c038d01620d79f80645ecc049d",
    "https://esm.sh/stable/preact@10.19.2/denonext/jsx-runtime.js": "f196c14042fc6019f3fed31eec7cfedea4669d0926858939380a5f54bd503798",
    "https://esm.sh/stable/preact@10.19.2/denonext/preact.mjs": "dc999b6432dc04d74ad7b692a8801f346294d815266dff915d0f222c120fd0b0",
    "https://esm.sh/v135/preact-render-to-string@6.3.1/denonext/preact-render-to-string.mjs": "4a20c2006328c1bf41ea0320558e0ed0a9f7835e83eabd33844c86ad1fc726dc"
  }
}
